
Microsoft Visual Studio Solution File, Format Version 12.00
# Visual Studio Version 17
VisualStudioVersion = 17.8.34227.203
MinimumVisualStudioVersion = 10.0.40219.1
Project("{9A19103F-16F7-4668-BE54-9A1E7A4F7556}") = "reserva-stadium-user-backend", "reserva-stadium-user-backend.csproj", "{CAFEC2B5-A3E0-4E54-8F3B-39C80467A32A}"
EndProject
Global
	GlobalSection(SolutionConfigurationPlatforms) = preSolution
		Debug|Any CPU = Debug|Any CPU
		Release|Any CPU = Release|Any CPU
	EndGlobalSection
	GlobalSection(ProjectConfigurationPlatforms) = postSolution
		{CAFEC2B5-A3E0-4E54-8F3B-39C80467A32A}.Debug|Any CPU.ActiveCfg = Debug|Any CPU
		{CAFEC2B5-A3E0-4E54-8F3B-39C80467A32A}.Debug|Any CPU.Build.0 = Debug|Any CPU
		{CAFEC2B5-A3E0-4E54-8F3B-39C80467A32A}.Release|Any CPU.ActiveCfg = Release|Any CPU
		{CAFEC2B5-A3E0-4E54-8F3B-39C80467A32A}.Release|Any CPU.Build.0 = Release|Any CPU
	EndGlobalSection
	GlobalSection(SolutionProperties) = preSolution
		HideSolutionNode = FALSE
	EndGlobalSection
	GlobalSection(ExtensibilityGlobals) = postSolution
		SolutionGuid = {421D7114-94E1-47EC-900F-7473FC763DDB}
	EndGlobalSection
EndGlobal
